// !$*UTF8*$!
{
	archiveVersion = 1;
	classes = {
	};
	objectVersion = 50;
	objects = {

/* Begin PBXBuildFile section */
		7E1ED27C2662086F000F0B0B /* PieceView.swift in Sources */ = {isa = PBXBuildFile; fileRef = 7E1ED27B2662086F000F0B0B /* PieceView.swift */; };
		7E1ED2AE26620E8A000F0B0B /* black-rook.png in Resources */ = {isa = PBXBuildFile; fileRef = 7E1ED29F26620E89000F0B0B /* black-rook.png */; };
		7E1ED2AF26620E8A000F0B0B /* red-bishop.png in Resources */ = {isa = PBXBuildFile; fileRef = 7E1ED2A026620E89000F0B0B /* red-bishop.png */; };
		7E1ED2B026620E8A000F0B0B /* red-cannon.png in Resources */ = {isa = PBXBuildFile; fileRef = 7E1ED2A126620E89000F0B0B /* red-cannon.png */; };
		7E1ED2B126620E8A000F0B0B /* black-bishop.png in Resources */ = {isa = PBXBuildFile; fileRef = 7E1ED2A226620E89000F0B0B /* black-bishop.png */; };
		7E1ED2B226620E8A000F0B0B /* black-king.png in Resources */ = {isa = PBXBuildFile; fileRef = 7E1ED2A326620E89000F0B0B /* black-king.png */; };
		7E1ED2B326620E8A000F0B0B /* red-horse.png in Resources */ = {isa = PBXBuildFile; fileRef = 7E1ED2A426620E8A000F0B0B /* red-horse.png */; };
		7E1ED2B426620E8A000F0B0B /* red-guard.png in Resources */ = {isa = PBXBuildFile; fileRef = 7E1ED2A526620E8A000F0B0B /* red-guard.png */; };
		7E1ED2B526620E8A000F0B0B /* black-horse.png in Resources */ = {isa = PBXBuildFile; fileRef = 7E1ED2A626620E8A000F0B0B /* black-horse.png */; };
		7E1ED2B626620E8A000F0B0B /* red-king.png in Resources */ = {isa = PBXBuildFile; fileRef = 7E1ED2A726620E8A000F0B0B /* red-king.png */; };
		7E1ED2B726620E8A000F0B0B /* red-rook.png in Resources */ = {isa = PBXBuildFile; fileRef = 7E1ED2A826620E8A000F0B0B /* red-rook.png */; };
		7E1ED2B826620E8A000F0B0B /* black-guard.png in Resources */ = {isa = PBXBuildFile; fileRef = 7E1ED2A926620E8A000F0B0B /* black-guard.png */; };
		7E1ED2B926620E8A000F0B0B /* black-cannon.png in Resources */ = {isa = PBXBuildFile; fileRef = 7E1ED2AA26620E8A000F0B0B /* black-cannon.png */; };
		7E1ED2BA26620E8A000F0B0B /* black-pawn.png in Resources */ = {isa = PBXBuildFile; fileRef = 7E1ED2AB26620E8A000F0B0B /* black-pawn.png */; };
		7E1ED2BB26620E8A000F0B0B /* cursor.png in Resources */ = {isa = PBXBuildFile; fileRef = 7E1ED2AC26620E8A000F0B0B /* cursor.png */; };
		7E1ED2BC26620E8A000F0B0B /* red-pawn.png in Resources */ = {isa = PBXBuildFile; fileRef = 7E1ED2AD26620E8A000F0B0B /* red-pawn.png */; };
		7E1ED2E826628E61000F0B0B /* board.png in Resources */ = {isa = PBXBuildFile; fileRef = 7E1ED2E726628E61000F0B0B /* board.png */; };
		7E1ED2F0266291D1000F0B0B /* wbg.jpg in Resources */ = {isa = PBXBuildFile; fileRef = 7E1ED2EF266291D1000F0B0B /* wbg.jpg */; };
		7E4D93772668EB780062DCD9 /* AIEngine.framework in Frameworks */ = {isa = PBXBuildFile; fileRef = 7E4094152668AD1500121233 /* AIEngine.framework */; };
		7E4D93782668EB780062DCD9 /* AIEngine.framework in Embed Frameworks */ = {isa = PBXBuildFile; fileRef = 7E4094152668AD1500121233 /* AIEngine.framework */; settings = {ATTRIBUTES = (RemoveHeadersOnCopy, ); }; };
		7E803AF2265FA0F4001224B1 /* Game.swift in Sources */ = {isa = PBXBuildFile; fileRef = 7E803AF1265FA0F4001224B1 /* Game.swift */; };
		7E868A382664E30600DF5FD1 /* bg-music.mp3 in Resources */ = {isa = PBXBuildFile; fileRef = 7E868A372664E30600DF5FD1 /* bg-music.mp3 */; };
		7E8DC32B265A025100D8FE20 /* AppDelegate.swift in Sources */ = {isa = PBXBuildFile; fileRef = 7E8DC32A265A025100D8FE20 /* AppDelegate.swift */; };
		7E8DC32D265A025100D8FE20 /* SceneDelegate.swift in Sources */ = {isa = PBXBuildFile; fileRef = 7E8DC32C265A025100D8FE20 /* SceneDelegate.swift */; };
		7E8DC332265A025100D8FE20 /* Main.storyboard in Resources */ = {isa = PBXBuildFile; fileRef = 7E8DC330265A025100D8FE20 /* Main.storyboard */; };
		7E8DC334265A025100D8FE20 /* Assets.xcassets in Resources */ = {isa = PBXBuildFile; fileRef = 7E8DC333265A025100D8FE20 /* Assets.xcassets */; };
		7E8DC337265A025100D8FE20 /* LaunchScreen.storyboard in Resources */ = {isa = PBXBuildFile; fileRef = 7E8DC335265A025100D8FE20 /* LaunchScreen.storyboard */; };
		7E8DC36E265A0CAB00D8FE20 /* BoardView.swift in Sources */ = {isa = PBXBuildFile; fileRef = 7E8DC36D265A0CAB00D8FE20 /* BoardView.swift */; };
		7EAC1DB82664EE8200F33E78 /* move2.mp3 in Resources */ = {isa = PBXBuildFile; fileRef = 7EAC1DAC2664EE8100F33E78 /* move2.mp3 */; };
		7EAC1DB92664EE8200F33E78 /* capture2.mp3 in Resources */ = {isa = PBXBuildFile; fileRef = 7EAC1DAD2664EE8100F33E78 /* capture2.mp3 */; };
		7EAC1DBA2664EE8200F33E78 /* win.mp3 in Resources */ = {isa = PBXBuildFile; fileRef = 7EAC1DAE2664EE8100F33E78 /* win.mp3 */; };
		7EAC1DBB2664EE8200F33E78 /* capture.mp3 in Resources */ = {isa = PBXBuildFile; fileRef = 7EAC1DAF2664EE8100F33E78 /* capture.mp3 */; };
		7EAC1DBC2664EE8200F33E78 /* loss.mp3 in Resources */ = {isa = PBXBuildFile; fileRef = 7EAC1DB02664EE8100F33E78 /* loss.mp3 */; };
		7EAC1DBD2664EE8200F33E78 /* illegal.mp3 in Resources */ = {isa = PBXBuildFile; fileRef = 7EAC1DB12664EE8200F33E78 /* illegal.mp3 */; };
		7EAC1DBE2664EE8200F33E78 /* click.mp3 in Resources */ = {isa = PBXBuildFile; fileRef = 7EAC1DB22664EE8200F33E78 /* click.mp3 */; };
		7EAC1DBF2664EE8200F33E78 /* check2.mp3 in Resources */ = {isa = PBXBuildFile; fileRef = 7EAC1DB32664EE8200F33E78 /* check2.mp3 */; };
		7EAC1DC02664EE8200F33E78 /* check.mp3 in Resources */ = {isa = PBXBuildFile; fileRef = 7EAC1DB42664EE8200F33E78 /* check.mp3 */; };
		7EAC1DC12664EE8200F33E78 /* draw.mp3 in Resources */ = {isa = PBXBuildFile; fileRef = 7EAC1DB52664EE8200F33E78 /* draw.mp3 */; };
		7EAC1DC22664EE8200F33E78 /* eat.mp3 in Resources */ = {isa = PBXBuildFile; fileRef = 7EAC1DB62664EE8200F33E78 /* eat.mp3 */; };
		7EAC1DC32664EE8200F33E78 /* move.mp3 in Resources */ = {isa = PBXBuildFile; fileRef = 7EAC1DB72664EE8200F33E78 /* move.mp3 */; };
		7ECB12A526639E02006854DF /* MusicHelper.swift in Sources */ = {isa = PBXBuildFile; fileRef = 7ECB12A426639E02006854DF /* MusicHelper.swift */; };
		7ECDA21B265FA2C7006FFB97 /* Utils.swift in Sources */ = {isa = PBXBuildFile; fileRef = 7ECDA21A265FA2C7006FFB97 /* Utils.swift */; };
		7ECDA21E265FA2ED006FFB97 /* Board.swift in Sources */ = {isa = PBXBuildFile; fileRef = 7ECDA21D265FA2ED006FFB97 /* Board.swift */; };
		7ECDA221265FA304006FFB97 /* Piece.swift in Sources */ = {isa = PBXBuildFile; fileRef = 7ECDA220265FA304006FFB97 /* Piece.swift */; };
		7ECDA225265FA32B006FFB97 /* Advisor.swift in Sources */ = {isa = PBXBuildFile; fileRef = 7ECDA224265FA32B006FFB97 /* Advisor.swift */; };
		7ECDA228265FA33D006FFB97 /* King.swift in Sources */ = {isa = PBXBuildFile; fileRef = 7ECDA227265FA33D006FFB97 /* King.swift */; };
		7ECDA22B265FA34D006FFB97 /* Elephant.swift in Sources */ = {isa = PBXBuildFile; fileRef = 7ECDA22A265FA34D006FFB97 /* Elephant.swift */; };
		7ECDA22E265FA358006FFB97 /* Horse.swift in Sources */ = {isa = PBXBuildFile; fileRef = 7ECDA22D265FA358006FFB97 /* Horse.swift */; };
		7ECDA231265FA360006FFB97 /* Rook.swift in Sources */ = {isa = PBXBuildFile; fileRef = 7ECDA230265FA360006FFB97 /* Rook.swift */; };
		7ECDA234265FA37F006FFB97 /* Cannon.swift in Sources */ = {isa = PBXBuildFile; fileRef = 7ECDA233265FA37F006FFB97 /* Cannon.swift */; };
		7ECDA237265FA386006FFB97 /* Pawn.swift in Sources */ = {isa = PBXBuildFile; fileRef = 7ECDA236265FA386006FFB97 /* Pawn.swift */; };
		7ECDA23A265FA3E7006FFB97 /* Factory.swift in Sources */ = {isa = PBXBuildFile; fileRef = 7ECDA239265FA3E7006FFB97 /* Factory.swift */; };
		7ECDA23D265FB012006FFB97 /* SettingViewController.swift in Sources */ = {isa = PBXBuildFile; fileRef = 7ECDA23C265FB012006FFB97 /* SettingViewController.swift */; };
		7ECDA240265FB01F006FFB97 /* GameViewController.swift in Sources */ = {isa = PBXBuildFile; fileRef = 7ECDA23F265FB01F006FFB97 /* GameViewController.swift */; };
		7ECDA244265FB0B5006FFB97 /* StartViewController.swift in Sources */ = {isa = PBXBuildFile; fileRef = 7ECDA243265FB0B5006FFB97 /* StartViewController.swift */; };
		7EF3BCA2266791A900B3DAAE /* Engine.swift in Sources */ = {isa = PBXBuildFile; fileRef = 7EF3BCA1266791A900B3DAAE /* Engine.swift */; };
/* End PBXBuildFile section */

/* Begin PBXContainerItemProxy section */
		7E4094142668AD1500121233 /* PBXContainerItemProxy */ = {
			isa = PBXContainerItemProxy;
			containerPortal = 7E4094102668AD1500121233 /* AIEngine.xcodeproj */;
			proxyType = 2;
			remoteGlobalIDString = 7E4094052668AD1500121233;
			remoteInfo = AIEngine;
		};
/* End PBXContainerItemProxy section */

/* Begin PBXCopyFilesBuildPhase section */
		7E4D93792668EB780062DCD9 /* Embed Frameworks */ = {
			isa = PBXCopyFilesBuildPhase;
			buildActionMask = 2147483647;
			dstPath = "";
			dstSubfolderSpec = 10;
			files = (
				7E4D93782668EB780062DCD9 /* AIEngine.framework in Embed Frameworks */,
			);
			name = "Embed Frameworks";
			runOnlyForDeploymentPostprocessing = 0;
		};
/* End PBXCopyFilesBuildPhase section */

/* Begin PBXFileReference section */
		7E1ED27B2662086F000F0B0B /* PieceView.swift */ = {isa = PBXFileReference; lastKnownFileType = sourcecode.swift; path = PieceView.swift; sourceTree = "<group>"; };
		7E1ED29F26620E89000F0B0B /* black-rook.png */ = {isa = PBXFileReference; lastKnownFileType = image.png; path = "black-rook.png"; sourceTree = "<group>"; };
		7E1ED2A026620E89000F0B0B /* red-bishop.png */ = {isa = PBXFileReference; lastKnownFileType = image.png; path = "red-bishop.png"; sourceTree = "<group>"; };
		7E1ED2A126620E89000F0B0B /* red-cannon.png */ = {isa = PBXFileReference; lastKnownFileType = image.png; path = "red-cannon.png"; sourceTree = "<group>"; };
		7E1ED2A226620E89000F0B0B /* black-bishop.png */ = {isa = PBXFileReference; lastKnownFileType = image.png; path = "black-bishop.png"; sourceTree = "<group>"; };
		7E1ED2A326620E89000F0B0B /* black-king.png */ = {isa = PBXFileReference; lastKnownFileType = image.png; path = "black-king.png"; sourceTree = "<group>"; };
		7E1ED2A426620E8A000F0B0B /* red-horse.png */ = {isa = PBXFileReference; lastKnownFileType = image.png; path = "red-horse.png"; sourceTree = "<group>"; };
		7E1ED2A526620E8A000F0B0B /* red-guard.png */ = {isa = PBXFileReference; lastKnownFileType = image.png; path = "red-guard.png"; sourceTree = "<group>"; };
		7E1ED2A626620E8A000F0B0B /* black-horse.png */ = {isa = PBXFileReference; lastKnownFileType = image.png; path = "black-horse.png"; sourceTree = "<group>"; };
		7E1ED2A726620E8A000F0B0B /* red-king.png */ = {isa = PBXFileReference; lastKnownFileType = image.png; path = "red-king.png"; sourceTree = "<group>"; };
		7E1ED2A826620E8A000F0B0B /* red-rook.png */ = {isa = PBXFileReference; lastKnownFileType = image.png; path = "red-rook.png"; sourceTree = "<group>"; };
		7E1ED2A926620E8A000F0B0B /* black-guard.png */ = {isa = PBXFileReference; lastKnownFileType = image.png; path = "black-guard.png"; sourceTree = "<group>"; };
		7E1ED2AA26620E8A000F0B0B /* black-cannon.png */ = {isa = PBXFileReference; lastKnownFileType = image.png; path = "black-cannon.png"; sourceTree = "<group>"; };
		7E1ED2AB26620E8A000F0B0B /* black-pawn.png */ = {isa = PBXFileReference; lastKnownFileType = image.png; path = "black-pawn.png"; sourceTree = "<group>"; };
		7E1ED2AC26620E8A000F0B0B /* cursor.png */ = {isa = PBXFileReference; lastKnownFileType = image.png; path = cursor.png; sourceTree = "<group>"; };
		7E1ED2AD26620E8A000F0B0B /* red-pawn.png */ = {isa = PBXFileReference; lastKnownFileType = image.png; path = "red-pawn.png"; sourceTree = "<group>"; };
		7E1ED2E726628E61000F0B0B /* board.png */ = {isa = PBXFileReference; lastKnownFileType = image.png; path = board.png; sourceTree = "<group>"; };
		7E1ED2EF266291D1000F0B0B /* wbg.jpg */ = {isa = PBXFileReference; lastKnownFileType = image.jpeg; path = wbg.jpg; sourceTree = "<group>"; };
		7E4094102668AD1500121233 /* AIEngine.xcodeproj */ = {isa = PBXFileReference; lastKnownFileType = "wrapper.pb-project"; name = AIEngine.xcodeproj; path = AIEngine/AIEngine.xcodeproj; sourceTree = "<group>"; };
		7E803AF1265FA0F4001224B1 /* Game.swift */ = {isa = PBXFileReference; lastKnownFileType = sourcecode.swift; path = Game.swift; sourceTree = "<group>"; };
		7E868A372664E30600DF5FD1 /* bg-music.mp3 */ = {isa = PBXFileReference; lastKnownFileType = audio.mp3; path = "bg-music.mp3"; sourceTree = "<group>"; };
		7E8DC327265A025100D8FE20 /* cotuong-ios.app */ = {isa = PBXFileReference; explicitFileType = wrapper.application; includeInIndex = 0; path = "cotuong-ios.app"; sourceTree = BUILT_PRODUCTS_DIR; };
		7E8DC32A265A025100D8FE20 /* AppDelegate.swift */ = {isa = PBXFileReference; lastKnownFileType = sourcecode.swift; path = AppDelegate.swift; sourceTree = "<group>"; };
		7E8DC32C265A025100D8FE20 /* SceneDelegate.swift */ = {isa = PBXFileReference; lastKnownFileType = sourcecode.swift; path = SceneDelegate.swift; sourceTree = "<group>"; };
		7E8DC331265A025100D8FE20 /* Base */ = {isa = PBXFileReference; lastKnownFileType = file.storyboard; name = Base; path = Base.lproj/Main.storyboard; sourceTree = "<group>"; };
		7E8DC333265A025100D8FE20 /* Assets.xcassets */ = {isa = PBXFileReference; lastKnownFileType = folder.assetcatalog; path = Assets.xcassets; sourceTree = "<group>"; };
		7E8DC336265A025100D8FE20 /* Base */ = {isa = PBXFileReference; lastKnownFileType = file.storyboard; name = Base; path = Base.lproj/LaunchScreen.storyboard; sourceTree = "<group>"; };
		7E8DC338265A025100D8FE20 /* Info.plist */ = {isa = PBXFileReference; lastKnownFileType = text.plist.xml; path = Info.plist; sourceTree = "<group>"; };
		7E8DC36D265A0CAB00D8FE20 /* BoardView.swift */ = {isa = PBXFileReference; lastKnownFileType = sourcecode.swift; path = BoardView.swift; sourceTree = "<group>"; };
		7EAC1DAC2664EE8100F33E78 /* move2.mp3 */ = {isa = PBXFileReference; lastKnownFileType = audio.mp3; path = move2.mp3; sourceTree = "<group>"; };
		7EAC1DAD2664EE8100F33E78 /* capture2.mp3 */ = {isa = PBXFileReference; lastKnownFileType = audio.mp3; path = capture2.mp3; sourceTree = "<group>"; };
		7EAC1DAE2664EE8100F33E78 /* win.mp3 */ = {isa = PBXFileReference; lastKnownFileType = audio.mp3; path = win.mp3; sourceTree = "<group>"; };
		7EAC1DAF2664EE8100F33E78 /* capture.mp3 */ = {isa = PBXFileReference; lastKnownFileType = audio.mp3; path = capture.mp3; sourceTree = "<group>"; };
		7EAC1DB02664EE8100F33E78 /* loss.mp3 */ = {isa = PBXFileReference; lastKnownFileType = audio.mp3; path = loss.mp3; sourceTree = "<group>"; };
		7EAC1DB12664EE8200F33E78 /* illegal.mp3 */ = {isa = PBXFileReference; lastKnownFileType = audio.mp3; path = illegal.mp3; sourceTree = "<group>"; };
		7EAC1DB22664EE8200F33E78 /* click.mp3 */ = {isa = PBXFileReference; lastKnownFileType = audio.mp3; path = click.mp3; sourceTree = "<group>"; };
		7EAC1DB32664EE8200F33E78 /* check2.mp3 */ = {isa = PBXFileReference; lastKnownFileType = audio.mp3; path = check2.mp3; sourceTree = "<group>"; };
		7EAC1DB42664EE8200F33E78 /* check.mp3 */ = {isa = PBXFileReference; lastKnownFileType = audio.mp3; path = check.mp3; sourceTree = "<group>"; };
		7EAC1DB52664EE8200F33E78 /* draw.mp3 */ = {isa = PBXFileReference; lastKnownFileType = audio.mp3; path = draw.mp3; sourceTree = "<group>"; };
		7EAC1DB62664EE8200F33E78 /* eat.mp3 */ = {isa = PBXFileReference; lastKnownFileType = audio.mp3; path = eat.mp3; sourceTree = "<group>"; };
		7EAC1DB72664EE8200F33E78 /* move.mp3 */ = {isa = PBXFileReference; lastKnownFileType = audio.mp3; path = move.mp3; sourceTree = "<group>"; };
		7ECB12A426639E02006854DF /* MusicHelper.swift */ = {isa = PBXFileReference; lastKnownFileType = sourcecode.swift; path = MusicHelper.swift; sourceTree = "<group>"; };
		7ECDA21A265FA2C7006FFB97 /* Utils.swift */ = {isa = PBXFileReference; lastKnownFileType = sourcecode.swift; path = Utils.swift; sourceTree = "<group>"; };
		7ECDA21D265FA2ED006FFB97 /* Board.swift */ = {isa = PBXFileReference; lastKnownFileType = sourcecode.swift; path = Board.swift; sourceTree = "<group>"; };
		7ECDA220265FA304006FFB97 /* Piece.swift */ = {isa = PBXFileReference; lastKnownFileType = sourcecode.swift; path = Piece.swift; sourceTree = "<group>"; };
		7ECDA224265FA32B006FFB97 /* Advisor.swift */ = {isa = PBXFileReference; lastKnownFileType = sourcecode.swift; path = Advisor.swift; sourceTree = "<group>"; };
		7ECDA227265FA33D006FFB97 /* King.swift */ = {isa = PBXFileReference; lastKnownFileType = sourcecode.swift; path = King.swift; sourceTree = "<group>"; };
		7ECDA22A265FA34D006FFB97 /* Elephant.swift */ = {isa = PBXFileReference; lastKnownFileType = sourcecode.swift; path = Elephant.swift; sourceTree = "<group>"; };
		7ECDA22D265FA358006FFB97 /* Horse.swift */ = {isa = PBXFileReference; lastKnownFileType = sourcecode.swift; path = Horse.swift; sourceTree = "<group>"; };
		7ECDA230265FA360006FFB97 /* Rook.swift */ = {isa = PBXFileReference; lastKnownFileType = sourcecode.swift; path = Rook.swift; sourceTree = "<group>"; };
		7ECDA233265FA37F006FFB97 /* Cannon.swift */ = {isa = PBXFileReference; lastKnownFileType = sourcecode.swift; path = Cannon.swift; sourceTree = "<group>"; };
		7ECDA236265FA386006FFB97 /* Pawn.swift */ = {isa = PBXFileReference; lastKnownFileType = sourcecode.swift; path = Pawn.swift; sourceTree = "<group>"; };
		7ECDA239265FA3E7006FFB97 /* Factory.swift */ = {isa = PBXFileReference; lastKnownFileType = sourcecode.swift; path = Factory.swift; sourceTree = "<group>"; };
		7ECDA23C265FB012006FFB97 /* SettingViewController.swift */ = {isa = PBXFileReference; lastKnownFileType = sourcecode.swift; path = SettingViewController.swift; sourceTree = "<group>"; };
		7ECDA23F265FB01F006FFB97 /* GameViewController.swift */ = {isa = PBXFileReference; lastKnownFileType = sourcecode.swift; path = GameViewController.swift; sourceTree = "<group>"; };
		7ECDA243265FB0B5006FFB97 /* StartViewController.swift */ = {isa = PBXFileReference; lastKnownFileType = sourcecode.swift; path = StartViewController.swift; sourceTree = "<group>"; };
		7EE91C882665DEAC00703861 /* LunaFramework-Bridging-Header.h */ = {isa = PBXFileReference; lastKnownFileType = sourcecode.c.h; path = "LunaFramework-Bridging-Header.h"; sourceTree = "<group>"; };
		7EF3BCA1266791A900B3DAAE /* Engine.swift */ = {isa = PBXFileReference; lastKnownFileType = sourcecode.swift; path = Engine.swift; sourceTree = "<group>"; };
/* End PBXFileReference section */

/* Begin PBXFrameworksBuildPhase section */
		7E8DC324265A025000D8FE20 /* Frameworks */ = {
			isa = PBXFrameworksBuildPhase;
			buildActionMask = 2147483647;
			files = (
				7E4D93772668EB780062DCD9 /* AIEngine.framework in Frameworks */,
			);
			runOnlyForDeploymentPostprocessing = 0;
		};
/* End PBXFrameworksBuildPhase section */

/* Begin PBXGroup section */
		7E1ED27E26620E2D000F0B0B /* Assets */ = {
			isa = PBXGroup;
			children = (
				7ECB12C52663A33C006854DF /* images */,
				7ECB12AA2663A29A006854DF /* sound */,
			);
			path = Assets;
			sourceTree = "<group>";
		};
		7E4094112668AD1500121233 /* Products */ = {
			isa = PBXGroup;
			children = (
				7E4094152668AD1500121233 /* AIEngine.framework */,
			);
			name = Products;
			sourceTree = "<group>";
		};
		7E8DC31E265A025000D8FE20 = {
			isa = PBXGroup;
			children = (
				7E4094102668AD1500121233 /* AIEngine.xcodeproj */,
				7E8DC329265A025100D8FE20 /* cotuong-ios */,
				7E8DC328265A025100D8FE20 /* Products */,
				7ECAFEF02666388F00AC6513 /* Frameworks */,
			);
			sourceTree = "<group>";
		};
		7E8DC328265A025100D8FE20 /* Products */ = {
			isa = PBXGroup;
			children = (
				7E8DC327265A025100D8FE20 /* cotuong-ios.app */,
			);
			name = Products;
			sourceTree = "<group>";
		};
		7E8DC329265A025100D8FE20 /* cotuong-ios */ = {
			isa = PBXGroup;
			children = (
				7E1ED27E26620E2D000F0B0B /* Assets */,
				7E8DC369265A0C4500D8FE20 /* Controller */,
				7E8DC368265A0C2F00D8FE20 /* View */,
				7E8DC33F265A028E00D8FE20 /* Classes */,
				7E8DC32A265A025100D8FE20 /* AppDelegate.swift */,
				7E8DC32C265A025100D8FE20 /* SceneDelegate.swift */,
				7E8DC330265A025100D8FE20 /* Main.storyboard */,
				7E8DC333265A025100D8FE20 /* Assets.xcassets */,
				7E8DC335265A025100D8FE20 /* LaunchScreen.storyboard */,
				7E8DC338265A025100D8FE20 /* Info.plist */,
				7EE91C882665DEAC00703861 /* LunaFramework-Bridging-Header.h */,
				7EF3BCA1266791A900B3DAAE /* Engine.swift */,
			);
			path = "cotuong-ios";
			sourceTree = "<group>";
		};
		7E8DC33F265A028E00D8FE20 /* Classes */ = {
			isa = PBXGroup;
			children = (
				7ECDA223265FA315006FFB97 /* Pieces */,
				7E803AF1265FA0F4001224B1 /* Game.swift */,
				7ECDA21A265FA2C7006FFB97 /* Utils.swift */,
				7ECDA21D265FA2ED006FFB97 /* Board.swift */,
				7ECDA220265FA304006FFB97 /* Piece.swift */,
				7ECDA239265FA3E7006FFB97 /* Factory.swift */,
				7ECB12A426639E02006854DF /* MusicHelper.swift */,
			);
			path = Classes;
			sourceTree = "<group>";
		};
		7E8DC368265A0C2F00D8FE20 /* View */ = {
			isa = PBXGroup;
			children = (
				7E8DC36D265A0CAB00D8FE20 /* BoardView.swift */,
				7E1ED27B2662086F000F0B0B /* PieceView.swift */,
			);
			path = View;
			sourceTree = "<group>";
		};
		7E8DC369265A0C4500D8FE20 /* Controller */ = {
			isa = PBXGroup;
			children = (
				7ECDA23C265FB012006FFB97 /* SettingViewController.swift */,
				7ECDA23F265FB01F006FFB97 /* GameViewController.swift */,
				7ECDA243265FB0B5006FFB97 /* StartViewController.swift */,
			);
			path = Controller;
			sourceTree = "<group>";
		};
		7ECAFEF02666388F00AC6513 /* Frameworks */ = {
			isa = PBXGroup;
			children = (
			);
			name = Frameworks;
			sourceTree = "<group>";
		};
		7ECB12AA2663A29A006854DF /* sound */ = {
			isa = PBXGroup;
			children = (
				7EAC1DAF2664EE8100F33E78 /* capture.mp3 */,
				7EAC1DAD2664EE8100F33E78 /* capture2.mp3 */,
				7EAC1DB42664EE8200F33E78 /* check.mp3 */,
				7EAC1DB32664EE8200F33E78 /* check2.mp3 */,
				7EAC1DB22664EE8200F33E78 /* click.mp3 */,
				7EAC1DB52664EE8200F33E78 /* draw.mp3 */,
				7EAC1DB62664EE8200F33E78 /* eat.mp3 */,
				7EAC1DB12664EE8200F33E78 /* illegal.mp3 */,
				7EAC1DB02664EE8100F33E78 /* loss.mp3 */,
				7EAC1DB72664EE8200F33E78 /* move.mp3 */,
				7EAC1DAC2664EE8100F33E78 /* move2.mp3 */,
				7EAC1DAE2664EE8100F33E78 /* win.mp3 */,
				7E868A372664E30600DF5FD1 /* bg-music.mp3 */,
			);
			path = sound;
			sourceTree = "<group>";
		};
		7ECB12C52663A33C006854DF /* images */ = {
			isa = PBXGroup;
			children = (
				7E1ED2A226620E89000F0B0B /* black-bishop.png */,
				7E1ED2E726628E61000F0B0B /* board.png */,
				7E1ED2EF266291D1000F0B0B /* wbg.jpg */,
				7E1ED2AA26620E8A000F0B0B /* black-cannon.png */,
				7E1ED2A926620E8A000F0B0B /* black-guard.png */,
				7E1ED2A626620E8A000F0B0B /* black-horse.png */,
				7E1ED2A326620E89000F0B0B /* black-king.png */,
				7E1ED2AB26620E8A000F0B0B /* black-pawn.png */,
				7E1ED29F26620E89000F0B0B /* black-rook.png */,
				7E1ED2AC26620E8A000F0B0B /* cursor.png */,
				7E1ED2A026620E89000F0B0B /* red-bishop.png */,
				7E1ED2A126620E89000F0B0B /* red-cannon.png */,
				7E1ED2A526620E8A000F0B0B /* red-guard.png */,
				7E1ED2A426620E8A000F0B0B /* red-horse.png */,
				7E1ED2A726620E8A000F0B0B /* red-king.png */,
				7E1ED2AD26620E8A000F0B0B /* red-pawn.png */,
				7E1ED2A826620E8A000F0B0B /* red-rook.png */,
			);
			path = images;
			sourceTree = "<group>";
		};
		7ECDA223265FA315006FFB97 /* Pieces */ = {
			isa = PBXGroup;
			children = (
				7ECDA224265FA32B006FFB97 /* Advisor.swift */,
				7ECDA227265FA33D006FFB97 /* King.swift */,
				7ECDA22A265FA34D006FFB97 /* Elephant.swift */,
				7ECDA22D265FA358006FFB97 /* Horse.swift */,
				7ECDA230265FA360006FFB97 /* Rook.swift */,
				7ECDA233265FA37F006FFB97 /* Cannon.swift */,
				7ECDA236265FA386006FFB97 /* Pawn.swift */,
			);
			path = Pieces;
			sourceTree = "<group>";
		};
/* End PBXGroup section */

/* Begin PBXHeadersBuildPhase section */
		7ECAFEF4266638E400AC6513 /* Headers */ = {
			isa = PBXHeadersBuildPhase;
			buildActionMask = 2147483647;
			files = (
			);
			runOnlyForDeploymentPostprocessing = 0;
		};
/* End PBXHeadersBuildPhase section */

/* Begin PBXNativeTarget section */
		7E8DC326265A025000D8FE20 /* cotuong-ios */ = {
			isa = PBXNativeTarget;
			buildConfigurationList = 7E8DC33B265A025100D8FE20 /* Build configuration list for PBXNativeTarget "cotuong-ios" */;
			buildPhases = (
				7ECAFEF4266638E400AC6513 /* Headers */,
				7E8DC323265A025000D8FE20 /* Sources */,
				7E8DC324265A025000D8FE20 /* Frameworks */,
				7E8DC325265A025000D8FE20 /* Resources */,
				7E4D93792668EB780062DCD9 /* Embed Frameworks */,
			);
			buildRules = (
			);
			dependencies = (
			);
			name = "cotuong-ios";
			productName = "cotuong-ios";
			productReference = 7E8DC327265A025100D8FE20 /* cotuong-ios.app */;
			productType = "com.apple.product-type.application";
		};
/* End PBXNativeTarget section */

/* Begin PBXProject section */
		7E8DC31F265A025000D8FE20 /* Project object */ = {
			isa = PBXProject;
			attributes = {
				LastSwiftUpdateCheck = 1230;
				LastUpgradeCheck = 1230;
				TargetAttributes = {
					7E8DC326265A025000D8FE20 = {
						CreatedOnToolsVersion = 12.3;
						LastSwiftMigration = 1230;
					};
				};
			};
			buildConfigurationList = 7E8DC322265A025000D8FE20 /* Build configuration list for PBXProject "cotuong-ios" */;
			compatibilityVersion = "Xcode 9.3";
			developmentRegion = en;
			hasScannedForEncodings = 0;
			knownRegions = (
				en,
				Base,
			);
			mainGroup = 7E8DC31E265A025000D8FE20;
			productRefGroup = 7E8DC328265A025100D8FE20 /* Products */;
			projectDirPath = "";
			projectReferences = (
				{
					ProductGroup = 7E4094112668AD1500121233 /* Products */;
					ProjectRef = 7E4094102668AD1500121233 /* AIEngine.xcodeproj */;
				},
			);
			projectRoot = "";
			targets = (
				7E8DC326265A025000D8FE20 /* cotuong-ios */,
			);
		};
/* End PBXProject section */

/* Begin PBXReferenceProxy section */
		7E4094152668AD1500121233 /* AIEngine.framework */ = {
			isa = PBXReferenceProxy;
			fileType = wrapper.framework;
			path = AIEngine.framework;
			remoteRef = 7E4094142668AD1500121233 /* PBXContainerItemProxy */;
			sourceTree = BUILT_PRODUCTS_DIR;
		};
/* End PBXReferenceProxy section */

/* Begin PBXResourcesBuildPhase section */
		7E8DC325265A025000D8FE20 /* Resources */ = {
			isa = PBXResourcesBuildPhase;
			buildActionMask = 2147483647;
			files = (
				7EAC1DBB2664EE8200F33E78 /* capture.mp3 in Resources */,
				7E8DC337265A025100D8FE20 /* LaunchScreen.storyboard in Resources */,
				7E1ED2BA26620E8A000F0B0B /* black-pawn.png in Resources */,
				7E1ED2B826620E8A000F0B0B /* black-guard.png in Resources */,
				7EAC1DBA2664EE8200F33E78 /* win.mp3 in Resources */,
				7E1ED2AF26620E8A000F0B0B /* red-bishop.png in Resources */,
				7EAC1DB82664EE8200F33E78 /* move2.mp3 in Resources */,
				7E1ED2B926620E8A000F0B0B /* black-cannon.png in Resources */,
				7EAC1DB92664EE8200F33E78 /* capture2.mp3 in Resources */,
				7E1ED2B126620E8A000F0B0B /* black-bishop.png in Resources */,
				7E1ED2F0266291D1000F0B0B /* wbg.jpg in Resources */,
				7E1ED2B526620E8A000F0B0B /* black-horse.png in Resources */,
				7E1ED2B626620E8A000F0B0B /* red-king.png in Resources */,
				7E1ED2B026620E8A000F0B0B /* red-cannon.png in Resources */,
				7EAC1DC32664EE8200F33E78 /* move.mp3 in Resources */,
				7EAC1DBF2664EE8200F33E78 /* check2.mp3 in Resources */,
				7E868A382664E30600DF5FD1 /* bg-music.mp3 in Resources */,
				7EAC1DBD2664EE8200F33E78 /* illegal.mp3 in Resources */,
				7E1ED2B326620E8A000F0B0B /* red-horse.png in Resources */,
				7E1ED2B226620E8A000F0B0B /* black-king.png in Resources */,
				7EAC1DC12664EE8200F33E78 /* draw.mp3 in Resources */,
				7EAC1DBC2664EE8200F33E78 /* loss.mp3 in Resources */,
				7E8DC334265A025100D8FE20 /* Assets.xcassets in Resources */,
				7EAC1DC02664EE8200F33E78 /* check.mp3 in Resources */,
				7E1ED2B426620E8A000F0B0B /* red-guard.png in Resources */,
				7EAC1DBE2664EE8200F33E78 /* click.mp3 in Resources */,
				7E1ED2E826628E61000F0B0B /* board.png in Resources */,
				7E1ED2AE26620E8A000F0B0B /* black-rook.png in Resources */,
				7E1ED2BB26620E8A000F0B0B /* cursor.png in Resources */,
				7E1ED2BC26620E8A000F0B0B /* red-pawn.png in Resources */,
				7E1ED2B726620E8A000F0B0B /* red-rook.png in Resources */,
				7E8DC332265A025100D8FE20 /* Main.storyboard in Resources */,
				7EAC1DC22664EE8200F33E78 /* eat.mp3 in Resources */,
			);
			runOnlyForDeploymentPostprocessing = 0;
		};
/* End PBXResourcesBuildPhase section */

/* Begin PBXSourcesBuildPhase section */
		7E8DC323265A025000D8FE20 /* Sources */ = {
			isa = PBXSourcesBuildPhase;
			buildActionMask = 2147483647;
			files = (
				7ECDA22E265FA358006FFB97 /* Horse.swift in Sources */,
				7ECDA225265FA32B006FFB97 /* Advisor.swift in Sources */,
				7ECDA22B265FA34D006FFB97 /* Elephant.swift in Sources */,
				7E803AF2265FA0F4001224B1 /* Game.swift in Sources */,
				7EF3BCA2266791A900B3DAAE /* Engine.swift in Sources */,
				7ECDA23D265FB012006FFB97 /* SettingViewController.swift in Sources */,
				7ECB12A526639E02006854DF /* MusicHelper.swift in Sources */,
				7E8DC32B265A025100D8FE20 /* AppDelegate.swift in Sources */,
				7ECDA21B265FA2C7006FFB97 /* Utils.swift in Sources */,
				7ECDA240265FB01F006FFB97 /* GameViewController.swift in Sources */,
				7E8DC32D265A025100D8FE20 /* SceneDelegate.swift in Sources */,
				7ECDA231265FA360006FFB97 /* Rook.swift in Sources */,
				7ECDA228265FA33D006FFB97 /* King.swift in Sources */,
				7ECDA221265FA304006FFB97 /* Piece.swift in Sources */,
				7ECDA23A265FA3E7006FFB97 /* Factory.swift in Sources */,
				7ECDA237265FA386006FFB97 /* Pawn.swift in Sources */,
				7ECDA244265FB0B5006FFB97 /* StartViewController.swift in Sources */,
				7E1ED27C2662086F000F0B0B /* PieceView.swift in Sources */,
				7E8DC36E265A0CAB00D8FE20 /* BoardView.swift in Sources */,
				7ECDA21E265FA2ED006FFB97 /* Board.swift in Sources */,
				7ECDA234265FA37F006FFB97 /* Cannon.swift in Sources */,
			);
			runOnlyForDeploymentPostprocessing = 0;
		};
/* End PBXSourcesBuildPhase section */

/* Begin PBXVariantGroup section */
		7E8DC330265A025100D8FE20 /* Main.storyboard */ = {
			isa = PBXVariantGroup;
			children = (
				7E8DC331265A025100D8FE20 /* Base */,
			);
			name = Main.storyboard;
			sourceTree = "<group>";
		};
		7E8DC335265A025100D8FE20 /* LaunchScreen.storyboard */ = {
			isa = PBXVariantGroup;
			children = (
				7E8DC336265A025100D8FE20 /* Base */,
			);
			name = LaunchScreen.storyboard;
			sourceTree = "<group>";
		};
/* End PBXVariantGroup section */

/* Begin XCBuildConfiguration section */
		7E8DC339265A025100D8FE20 /* Debug */ = {
			isa = XCBuildConfiguration;
			buildSettings = {
				ALWAYS_SEARCH_USER_PATHS = NO;
				CLANG_ANALYZER_NONNULL = YES;
				CLANG_ANALYZER_NUMBER_OBJECT_CONVERSION = YES_AGGRESSIVE;
				CLANG_CXX_LANGUAGE_STANDARD = "gnu++14";
				CLANG_CXX_LIBRARY = "libc++";
				CLANG_ENABLE_MODULES = YES;
				CLANG_ENABLE_OBJC_ARC = YES;
				CLANG_ENABLE_OBJC_WEAK = YES;
				CLANG_WARN_BLOCK_CAPTURE_AUTORELEASING = YES;
				CLANG_WARN_BOOL_CONVERSION = YES;
				CLANG_WARN_COMMA = YES;
				CLANG_WARN_CONSTANT_CONVERSION = YES;
				CLANG_WARN_DEPRECATED_OBJC_IMPLEMENTATIONS = YES;
				CLANG_WARN_DIRECT_OBJC_ISA_USAGE = YES_ERROR;
				CLANG_WARN_DOCUMENTATION_COMMENTS = YES;
				CLANG_WARN_EMPTY_BODY = YES;
				CLANG_WARN_ENUM_CONVERSION = YES;
				CLANG_WARN_INFINITE_RECURSION = YES;
				CLANG_WARN_INT_CONVERSION = YES;
				CLANG_WARN_NON_LITERAL_NULL_CONVERSION = YES;
				CLANG_WARN_OBJC_IMPLICIT_RETAIN_SELF = YES;
				CLANG_WARN_OBJC_LITERAL_CONVERSION = YES;
				CLANG_WARN_OBJC_ROOT_CLASS = YES_ERROR;
				CLANG_WARN_QUOTED_INCLUDE_IN_FRAMEWORK_HEADER = YES;
				CLANG_WARN_RANGE_LOOP_ANALYSIS = YES;
				CLANG_WARN_STRICT_PROTOTYPES = YES;
				CLANG_WARN_SUSPICIOUS_MOVE = YES;
				CLANG_WARN_UNGUARDED_AVAILABILITY = YES_AGGRESSIVE;
				CLANG_WARN_UNREACHABLE_CODE = YES;
				CLANG_WARN__DUPLICATE_METHOD_MATCH = YES;
				COPY_PHASE_STRIP = NO;
				DEBUG_INFORMATION_FORMAT = dwarf;
				ENABLE_STRICT_OBJC_MSGSEND = YES;
				ENABLE_TESTABILITY = YES;
				GCC_C_LANGUAGE_STANDARD = gnu11;
				GCC_DYNAMIC_NO_PIC = NO;
				GCC_NO_COMMON_BLOCKS = YES;
				GCC_OPTIMIZATION_LEVEL = 0;
				GCC_PREPROCESSOR_DEFINITIONS = (
					"DEBUG=1",
					"$(inherited)",
				);
				GCC_WARN_64_TO_32_BIT_CONVERSION = YES;
				GCC_WARN_ABOUT_RETURN_TYPE = YES_ERROR;
				GCC_WARN_UNDECLARED_SELECTOR = YES;
				GCC_WARN_UNINITIALIZED_AUTOS = YES_AGGRESSIVE;
				GCC_WARN_UNUSED_FUNCTION = YES;
				GCC_WARN_UNUSED_VARIABLE = YES;
				IPHONEOS_DEPLOYMENT_TARGET = 10.0;
				MTL_ENABLE_DEBUG_INFO = INCLUDE_SOURCE;
				MTL_FAST_MATH = YES;
				ONLY_ACTIVE_ARCH = YES;
				SDKROOT = iphoneos;
				SWIFT_ACTIVE_COMPILATION_CONDITIONS = DEBUG;
				SWIFT_OPTIMIZATION_LEVEL = "-Onone";
			};
			name = Debug;
		};
		7E8DC33A265A025100D8FE20 /* Release */ = {
			isa = XCBuildConfiguration;
			buildSettings = {
				ALWAYS_SEARCH_USER_PATHS = NO;
				CLANG_ANALYZER_NONNULL = YES;
				CLANG_ANALYZER_NUMBER_OBJECT_CONVERSION = YES_AGGRESSIVE;
				CLANG_CXX_LANGUAGE_STANDARD = "gnu++14";
				CLANG_CXX_LIBRARY = "libc++";
				CLANG_ENABLE_MODULES = YES;
				CLANG_ENABLE_OBJC_ARC = YES;
				CLANG_ENABLE_OBJC_WEAK = YES;
				CLANG_WARN_BLOCK_CAPTURE_AUTORELEASING = YES;
				CLANG_WARN_BOOL_CONVERSION = YES;
				CLANG_WARN_COMMA = YES;
				CLANG_WARN_CONSTANT_CONVERSION = YES;
				CLANG_WARN_DEPRECATED_OBJC_IMPLEMENTATIONS = YES;
				CLANG_WARN_DIRECT_OBJC_ISA_USAGE = YES_ERROR;
				CLANG_WARN_DOCUMENTATION_COMMENTS = YES;
				CLANG_WARN_EMPTY_BODY = YES;
				CLANG_WARN_ENUM_CONVERSION = YES;
				CLANG_WARN_INFINITE_RECURSION = YES;
				CLANG_WARN_INT_CONVERSION = YES;
				CLANG_WARN_NON_LITERAL_NULL_CONVERSION = YES;
				CLANG_WARN_OBJC_IMPLICIT_RETAIN_SELF = YES;
				CLANG_WARN_OBJC_LITERAL_CONVERSION = YES;
				CLANG_WARN_OBJC_ROOT_CLASS = YES_ERROR;
				CLANG_WARN_QUOTED_INCLUDE_IN_FRAMEWORK_HEADER = YES;
				CLANG_WARN_RANGE_LOOP_ANALYSIS = YES;
				CLANG_WARN_STRICT_PROTOTYPES = YES;
				CLANG_WARN_SUSPICIOUS_MOVE = YES;
				CLANG_WARN_UNGUARDED_AVAILABILITY = YES_AGGRESSIVE;
				CLANG_WARN_UNREACHABLE_CODE = YES;
				CLANG_WARN__DUPLICATE_METHOD_MATCH = YES;
				COPY_PHASE_STRIP = NO;
				DEBUG_INFORMATION_FORMAT = "dwarf-with-dsym";
				ENABLE_NS_ASSERTIONS = NO;
				ENABLE_STRICT_OBJC_MSGSEND = YES;
				GCC_C_LANGUAGE_STANDARD = gnu11;
				GCC_NO_COMMON_BLOCKS = YES;
				GCC_WARN_64_TO_32_BIT_CONVERSION = YES;
				GCC_WARN_ABOUT_RETURN_TYPE = YES_ERROR;
				GCC_WARN_UNDECLARED_SELECTOR = YES;
				GCC_WARN_UNINITIALIZED_AUTOS = YES_AGGRESSIVE;
				GCC_WARN_UNUSED_FUNCTION = YES;
				GCC_WARN_UNUSED_VARIABLE = YES;
				IPHONEOS_DEPLOYMENT_TARGET = 10.0;
				MTL_ENABLE_DEBUG_INFO = NO;
				MTL_FAST_MATH = YES;
				SDKROOT = iphoneos;
				SWIFT_COMPILATION_MODE = wholemodule;
				SWIFT_OPTIMIZATION_LEVEL = "-O";
				VALIDATE_PRODUCT = YES;
			};
			name = Release;
		};
		7E8DC33C265A025100D8FE20 /* Debug */ = {
			isa = XCBuildConfiguration;
			buildSettings = {
				ASSETCATALOG_COMPILER_APPICON_NAME = AppIcon;
				ASSETCATALOG_COMPILER_GLOBAL_ACCENT_COLOR_NAME = AccentColor;
				CLANG_ENABLE_MODULES = YES;
				CODE_SIGN_STYLE = Automatic;
				DEVELOPMENT_TEAM = HAZB53PF37;
				FRAMEWORK_SEARCH_PATHS = (
					"$(inherited)",
					"$(PROJECT_DIR)",
					"$(PROJECT_DIR)/cotuong-ios",
				);
				INFOPLIST_FILE = "cotuong-ios/Info.plist";
				LD_RUNPATH_SEARCH_PATHS = (
					"$(inherited)",
					"@executable_path/Frameworks",
				);
				PRODUCT_BUNDLE_IDENTIFIER = "com.sgt.cotuong-ios.cotuong-ios";
				PRODUCT_NAME = "$(TARGET_NAME)";
				SWIFT_OBJC_BRIDGING_HEADER = "/Users/hnguyen/Dev/dev/projects/cotuong-ios/cotuong-ios/LunaFramework-Bridging-Header.h";
				SWIFT_OPTIMIZATION_LEVEL = "-Onone";
				SWIFT_VERSION = 5.0;
				TARGETED_DEVICE_FAMILY = "1,2";
			};
			name = Debug;
		};
		7E8DC33D265A025100D8FE20 /* Release */ = {
			isa = XCBuildConfiguration;
			buildSettings = {
				ASSETCATALOG_COMPILER_APPICON_NAME = AppIcon;
				ASSETCATALOG_COMPILER_GLOBAL_ACCENT_COLOR_NAME = AccentColor;
				CLANG_ENABLE_MODULES = YES;
				CODE_SIGN_STYLE = Automatic;
				DEVELOPMENT_TEAM = HAZB53PF37;
				FRAMEWORK_SEARCH_PATHS = (
					"$(inherited)",
					"$(PROJECT_DIR)",
					"$(PROJECT_DIR)/cotuong-ios",
				);
				INFOPLIST_FILE = "cotuong-ios/Info.plist";
				LD_RUNPATH_SEARCH_PATHS = (
					"$(inherited)",
					"@executable_path/Frameworks",
				);
				PRODUCT_BUNDLE_IDENTIFIER = "com.sgt.cotuong-ios.cotuong-ios";
				PRODUCT_NAME = "$(TARGET_NAME)";
				SWIFT_OBJC_BRIDGING_HEADER = "/Users/hnguyen/Dev/dev/projects/cotuong-ios/cotuong-ios/LunaFramework-Bridging-Header.h";
				SWIFT_VERSION = 5.0;
				TARGETED_DEVICE_FAMILY = "1,2";
			};
			name = Release;
		};
/* End XCBuildConfiguration section */

/* Begin XCConfigurationList section */
		7E8DC322265A025000D8FE20 /* Build configuration list for PBXProject "cotuong-ios" */ = {
			isa = XCConfigurationList;
			buildConfigurations = (
				7E8DC339265A025100D8FE20 /* Debug */,
				7E8DC33A265A025100D8FE20 /* Release */,
			);
			defaultConfigurationIsVisible = 0;
			defaultConfigurationName = Release;
		};
		7E8DC33B265A025100D8FE20 /* Build configuration list for PBXNativeTarget "cotuong-ios" */ = {
			isa = XCConfigurationList;
			buildConfigurations = (
				7E8DC33C265A025100D8FE20 /* Debug */,
				7E8DC33D265A025100D8FE20 /* Release */,
			);
			defaultConfigurationIsVisible = 0;
			defaultConfigurationName = Release;
		};
/* End XCConfigurationList section */
	};
	rootObject = 7E8DC31F265A025000D8FE20 /* Project object */;
}
